
Microsoft Visual Studio Solution File, Format Version 12.00
# Visual Studio Version 17
VisualStudioVersion = 17.11.35222.181
MinimumVisualStudioVersion = 10.0.40219.1
Project("{9A19103F-16F7-4668-BE54-9A1E7A4F7556}") = "BalanceAPI", "BalanceAPI.csproj", "{D12CC8AA-B25B-421B-B49B-33B6B8B354ED}"
EndProject
Project("{9A19103F-16F7-4668-BE54-9A1E7A4F7556}") = "Domain", "..\Domain\Domain.csproj", "{B280543B-08AB-4DD7-B1D6-CD4D6D3FA5C0}"
EndProject
Project("{9A19103F-16F7-4668-BE54-9A1E7A4F7556}") = "Infrastructure", "..\Infrastructure\Infrastructure.csproj", "{6E82A003-BA03-48FC-A4BB-C12042C38C6E}"
EndProject
Project("{9A19103F-16F7-4668-BE54-9A1E7A4F7556}") = "Application", "..\Application\Application.csproj", "{FB887C5D-5597-478F-B0FD-2D53179D0DD2}"
EndProject
Project("{FAE04EC0-301F-11D3-BF4B-00C04F79EFBC}") = "BalanceAPITests", "..\BalanceAPITests\BalanceAPITests.csproj", "{7D15F2A1-E85A-4AB8-A3DD-91EBC394712F}"
EndProject
Global
	GlobalSection(SolutionConfigurationPlatforms) = preSolution
		Debug|Any CPU = Debug|Any CPU
		Release|Any CPU = Release|Any CPU
	EndGlobalSection
	GlobalSection(ProjectConfigurationPlatforms) = postSolution
		{D12CC8AA-B25B-421B-B49B-33B6B8B354ED}.Debug|Any CPU.ActiveCfg = Debug|Any CPU
		{D12CC8AA-B25B-421B-B49B-33B6B8B354ED}.Debug|Any CPU.Build.0 = Debug|Any CPU
		{D12CC8AA-B25B-421B-B49B-33B6B8B354ED}.Release|Any CPU.ActiveCfg = Release|Any CPU
		{D12CC8AA-B25B-421B-B49B-33B6B8B354ED}.Release|Any CPU.Build.0 = Release|Any CPU
		{B280543B-08AB-4DD7-B1D6-CD4D6D3FA5C0}.Debug|Any CPU.ActiveCfg = Debug|Any CPU
		{B280543B-08AB-4DD7-B1D6-CD4D6D3FA5C0}.Debug|Any CPU.Build.0 = Debug|Any CPU
		{B280543B-08AB-4DD7-B1D6-CD4D6D3FA5C0}.Release|Any CPU.ActiveCfg = Release|Any CPU
		{B280543B-08AB-4DD7-B1D6-CD4D6D3FA5C0}.Release|Any CPU.Build.0 = Release|Any CPU
		{6E82A003-BA03-48FC-A4BB-C12042C38C6E}.Debug|Any CPU.ActiveCfg = Debug|Any CPU
		{6E82A003-BA03-48FC-A4BB-C12042C38C6E}.Debug|Any CPU.Build.0 = Debug|Any CPU
		{6E82A003-BA03-48FC-A4BB-C12042C38C6E}.Release|Any CPU.ActiveCfg = Release|Any CPU
		{6E82A003-BA03-48FC-A4BB-C12042C38C6E}.Release|Any CPU.Build.0 = Release|Any CPU
		{FB887C5D-5597-478F-B0FD-2D53179D0DD2}.Debug|Any CPU.ActiveCfg = Debug|Any CPU
		{FB887C5D-5597-478F-B0FD-2D53179D0DD2}.Debug|Any CPU.Build.0 = Debug|Any CPU
		{FB887C5D-5597-478F-B0FD-2D53179D0DD2}.Release|Any CPU.ActiveCfg = Release|Any CPU
		{FB887C5D-5597-478F-B0FD-2D53179D0DD2}.Release|Any CPU.Build.0 = Release|Any CPU
		{7D15F2A1-E85A-4AB8-A3DD-91EBC394712F}.Debug|Any CPU.ActiveCfg = Debug|Any CPU
		{7D15F2A1-E85A-4AB8-A3DD-91EBC394712F}.Debug|Any CPU.Build.0 = Debug|Any CPU
		{7D15F2A1-E85A-4AB8-A3DD-91EBC394712F}.Release|Any CPU.ActiveCfg = Release|Any CPU
		{7D15F2A1-E85A-4AB8-A3DD-91EBC394712F}.Release|Any CPU.Build.0 = Release|Any CPU
	EndGlobalSection
	GlobalSection(SolutionProperties) = preSolution
		HideSolutionNode = FALSE
	EndGlobalSection
	GlobalSection(ExtensibilityGlobals) = postSolution
		SolutionGuid = {62F53E36-15BE-4F07-882F-EBC911DCDD01}
	EndGlobalSection
EndGlobal
